
Microsoft Visual Studio Solution File, Format Version 12.00
# Visual Studio Version 16
VisualStudioVersion = 16.0.30104.148
MinimumVisualStudioVersion = 10.0.40219.1
Project("{FAE04EC0-301F-11D3-BF4B-00C04F79EFBC}") = "SalesData1", "SalesData1\SalesData1.csproj", "{4EA42E74-2F75-4989-8247-85495161B37F}"
EndProject
Global
	GlobalSection(SolutionConfigurationPlatforms) = preSolution
		Debug|Any CPU = Debug|Any CPU
		Release|Any CPU = Release|Any CPU
	EndGlobalSection
	GlobalSection(ProjectConfigurationPlatforms) = postSolution
		{4EA42E74-2F75-4989-8247-85495161B37F}.Debug|Any CPU.ActiveCfg = Debug|Any CPU
		{4EA42E74-2F75-4989-8247-85495161B37F}.Debug|Any CPU.Build.0 = Debug|Any CPU
		{4EA42E74-2F75-4989-8247-85495161B37F}.Release|Any CPU.ActiveCfg = Release|Any CPU
		{4EA42E74-2F75-4989-8247-85495161B37F}.Release|Any CPU.Build.0 = Release|Any CPU
	EndGlobalSection
	GlobalSection(SolutionProperties) = preSolution
		HideSolutionNode = FALSE
	EndGlobalSection
	GlobalSection(ExtensibilityGlobals) = postSolution
		SolutionGuid = {22B765C3-4045-426F-91A0-8E730D4E53A6}
	EndGlobalSection
EndGlobal
